// !$*UTF8*$!
{
	archiveVersion = 1;
	classes = {
	};
	objectVersion = 46;
	objects = {

/* Begin PBXBuildFile section */
		AC2FDD371D387E5800BE71E3 /* onryou.TTF in Resources */ = {isa = PBXBuildFile; fileRef = AC2FDD361D387E5800BE71E3 /* onryou.TTF */; };
		AC3D38E91D3360F500AF7223 /* Cell.swift in Sources */ = {isa = PBXBuildFile; fileRef = AC3D38E81D3360F500AF7223 /* Cell.swift */; };
		ACBDF6741D13A1F3003D4FD9 /* AppDelegate.swift in Sources */ = {isa = PBXBuildFile; fileRef = ACBDF6731D13A1F3003D4FD9 /* AppDelegate.swift */; };
		ACBDF6761D13A1F3003D4FD9 /* ViewController.swift in Sources */ = {isa = PBXBuildFile; fileRef = ACBDF6751D13A1F3003D4FD9 /* ViewController.swift */; };
		ACBDF6791D13A1F3003D4FD9 /* Main.storyboard in Resources */ = {isa = PBXBuildFile; fileRef = ACBDF6771D13A1F3003D4FD9 /* Main.storyboard */; };
		ACBDF67B1D13A1F3003D4FD9 /* Assets.xcassets in Resources */ = {isa = PBXBuildFile; fileRef = ACBDF67A1D13A1F3003D4FD9 /* Assets.xcassets */; };
		ACBDF67E1D13A1F3003D4FD9 /* LaunchScreen.storyboard in Resources */ = {isa = PBXBuildFile; fileRef = ACBDF67C1D13A1F3003D4FD9 /* LaunchScreen.storyboard */; };
		ACBDF6861D13A3E6003D4FD9 /* ListViewController.swift in Sources */ = {isa = PBXBuildFile; fileRef = ACBDF6851D13A3E6003D4FD9 /* ListViewController.swift */; };
		ACBDF6881D13A457003D4FD9 /* Student.swift in Sources */ = {isa = PBXBuildFile; fileRef = ACBDF6871D13A457003D4FD9 /* Student.swift */; };
		ACBDF68E1D17CAEC003D4FD9 /* AddViewController.swift in Sources */ = {isa = PBXBuildFile; fileRef = ACBDF68D1D17CAEC003D4FD9 /* AddViewController.swift */; };
		ACBDF6901D1CBFA0003D4FD9 /* UpdateViewController.swift in Sources */ = {isa = PBXBuildFile; fileRef = ACBDF68F1D1CBFA0003D4FD9 /* UpdateViewController.swift */; };
/* End PBXBuildFile section */

/* Begin PBXFileReference section */
		AC2FDD361D387E5800BE71E3 /* onryou.TTF */ = {isa = PBXFileReference; lastKnownFileType = file; path = onryou.TTF; sourceTree = "<group>"; };
		AC3D38E81D3360F500AF7223 /* Cell.swift */ = {isa = PBXFileReference; fileEncoding = 4; lastKnownFileType = sourcecode.swift; path = Cell.swift; sourceTree = "<group>"; };
		ACBDF6701D13A1F3003D4FD9 /* DBAccessSample01.app */ = {isa = PBXFileReference; explicitFileType = wrapper.application; includeInIndex = 0; path = DBAccessSample01.app; sourceTree = BUILT_PRODUCTS_DIR; };
		ACBDF6731D13A1F3003D4FD9 /* AppDelegate.swift */ = {isa = PBXFileReference; lastKnownFileType = sourcecode.swift; path = AppDelegate.swift; sourceTree = "<group>"; };
		ACBDF6751D13A1F3003D4FD9 /* ViewController.swift */ = {isa = PBXFileReference; lastKnownFileType = sourcecode.swift; path = ViewController.swift; sourceTree = "<group>"; };
		ACBDF6781D13A1F3003D4FD9 /* Base */ = {isa = PBXFileReference; lastKnownFileType = file.storyboard; name = Base; path = Base.lproj/Main.storyboard; sourceTree = "<group>"; };
		ACBDF67A1D13A1F3003D4FD9 /* Assets.xcassets */ = {isa = PBXFileReference; lastKnownFileType = folder.assetcatalog; path = Assets.xcassets; sourceTree = "<group>"; };
		ACBDF67D1D13A1F3003D4FD9 /* Base */ = {isa = PBXFileReference; lastKnownFileType = file.storyboard; name = Base; path = Base.lproj/LaunchScreen.storyboard; sourceTree = "<group>"; };
		ACBDF67F1D13A1F3003D4FD9 /* Info.plist */ = {isa = PBXFileReference; lastKnownFileType = text.plist.xml; path = Info.plist; sourceTree = "<group>"; };
		ACBDF6851D13A3E6003D4FD9 /* ListViewController.swift */ = {isa = PBXFileReference; fileEncoding = 4; lastKnownFileType = sourcecode.swift; path = ListViewController.swift; sourceTree = "<group>"; };
		ACBDF6871D13A457003D4FD9 /* Student.swift */ = {isa = PBXFileReference; fileEncoding = 4; lastKnownFileType = sourcecode.swift; path = Student.swift; sourceTree = "<group>"; };
		ACBDF68D1D17CAEC003D4FD9 /* AddViewController.swift */ = {isa = PBXFileReference; fileEncoding = 4; lastKnownFileType = sourcecode.swift; path = AddViewController.swift; sourceTree = "<group>"; };
		ACBDF68F1D1CBFA0003D4FD9 /* UpdateViewController.swift */ = {isa = PBXFileReference; fileEncoding = 4; lastKnownFileType = sourcecode.swift; path = UpdateViewController.swift; sourceTree = "<group>"; };
/* End PBXFileReference section */

/* Begin PBXFrameworksBuildPhase section */
		ACBDF66D1D13A1F3003D4FD9 /* Frameworks */ = {
			isa = PBXFrameworksBuildPhase;
			buildActionMask = 2147483647;
			files = (
			);
			runOnlyForDeploymentPostprocessing = 0;
		};
/* End PBXFrameworksBuildPhase section */

/* Begin PBXGroup section */
		ACBDF6671D13A1F2003D4FD9 = {
			isa = PBXGroup;
			children = (
				ACBDF6721D13A1F3003D4FD9 /* DBAccessSample01 */,
				ACBDF6711D13A1F3003D4FD9 /* Products */,
			);
			sourceTree = "<group>";
		};
		ACBDF6711D13A1F3003D4FD9 /* Products */ = {
			isa = PBXGroup;
			children = (
				ACBDF6701D13A1F3003D4FD9 /* DBAccessSample01.app */,
			);
			name = Products;
			sourceTree = "<group>";
		};
		ACBDF6721D13A1F3003D4FD9 /* DBAccessSample01 */ = {
			isa = PBXGroup;
			children = (
				AC2FDD361D387E5800BE71E3 /* onryou.TTF */,
				ACBDF6731D13A1F3003D4FD9 /* AppDelegate.swift */,
				ACBDF6751D13A1F3003D4FD9 /* ViewController.swift */,
				ACBDF6771D13A1F3003D4FD9 /* Main.storyboard */,
				ACBDF67A1D13A1F3003D4FD9 /* Assets.xcassets */,
				ACBDF67C1D13A1F3003D4FD9 /* LaunchScreen.storyboard */,
				ACBDF67F1D13A1F3003D4FD9 /* Info.plist */,
				ACBDF6851D13A3E6003D4FD9 /* ListViewController.swift */,
				ACBDF6871D13A457003D4FD9 /* Student.swift */,
				ACBDF68D1D17CAEC003D4FD9 /* AddViewController.swift */,
				ACBDF68F1D1CBFA0003D4FD9 /* UpdateViewController.swift */,
				AC3D38E81D3360F500AF7223 /* Cell.swift */,
			);
			path = DBAccessSample01;
			sourceTree = "<group>";
		};
/* End PBXGroup section */

/* Begin PBXNativeTarget section */
		ACBDF66F1D13A1F3003D4FD9 /* DBAccessSample01 */ = {
			isa = PBXNativeTarget;
			buildConfigurationList = ACBDF6821D13A1F3003D4FD9 /* Build configuration list for PBXNativeTarget "DBAccessSample01" */;
			buildPhases = (
				ACBDF66C1D13A1F3003D4FD9 /* Sources */,
				ACBDF66D1D13A1F3003D4FD9 /* Frameworks */,
				ACBDF66E1D13A1F3003D4FD9 /* Resources */,
			);
			buildRules = (
			);
			dependencies = (
			);
			name = DBAccessSample01;
			productName = DBAccessSample01;
			productReference = ACBDF6701D13A1F3003D4FD9 /* DBAccessSample01.app */;
			productType = "com.apple.product-type.application";
		};
/* End PBXNativeTarget section */

/* Begin PBXProject section */
		ACBDF6681D13A1F2003D4FD9 /* Project object */ = {
			isa = PBXProject;
			attributes = {
				LastSwiftUpdateCheck = 0730;
				LastUpgradeCheck = 0730;
				ORGANIZATIONNAME = JEC;
				TargetAttributes = {
					ACBDF66F1D13A1F3003D4FD9 = {
						CreatedOnToolsVersion = 7.3.1;
					};
				};
			};
			buildConfigurationList = ACBDF66B1D13A1F2003D4FD9 /* Build configuration list for PBXProject "DBAccessSample01" */;
			compatibilityVersion = "Xcode 3.2";
			developmentRegion = English;
			hasScannedForEncodings = 0;
			knownRegions = (
				en,
				Base,
			);
			mainGroup = ACBDF6671D13A1F2003D4FD9;
			productRefGroup = ACBDF6711D13A1F3003D4FD9 /* Products */;
			projectDirPath = "";
			projectRoot = "";
			targets = (
				ACBDF66F1D13A1F3003D4FD9 /* DBAccessSample01 */,
			);
		};
/* End PBXProject section */

/* Begin PBXResourcesBuildPhase section */
		ACBDF66E1D13A1F3003D4FD9 /* Resources */ = {
			isa = PBXResourcesBuildPhase;
			buildActionMask = 2147483647;
			files = (
				ACBDF67E1D13A1F3003D4FD9 /* LaunchScreen.storyboard in Resources */,
				ACBDF67B1D13A1F3003D4FD9 /* Assets.xcassets in Resources */,
				AC2FDD371D387E5800BE71E3 /* onryou.TTF in Resources */,
				ACBDF6791D13A1F3003D4FD9 /* Main.storyboard in Resources */,
			);
			runOnlyForDeploymentPostprocessing = 0;
		};
/* End PBXResourcesBuildPhase section */

/* Begin PBXSourcesBuildPhase section */
		ACBDF66C1D13A1F3003D4FD9 /* Sources */ = {
			isa = PBXSourcesBuildPhase;
			buildActionMask = 2147483647;
			files = (
				ACBDF68E1D17CAEC003D4FD9 /* AddViewController.swift in Sources */,
				ACBDF6761D13A1F3003D4FD9 /* ViewController.swift in Sources */,
				AC3D38E91D3360F500AF7223 /* Cell.swift in Sources */,
				ACBDF6741D13A1F3003D4FD9 /* AppDelegate.swift in Sources */,
				ACBDF6861D13A3E6003D4FD9 /* ListViewController.swift in Sources */,
				ACBDF6881D13A457003D4FD9 /* Student.swift in Sources */,
				ACBDF6901D1CBFA0003D4FD9 /* UpdateViewController.swift in Sources */,
			);
			runOnlyForDeploymentPostprocessing = 0;
		};
/* End PBXSourcesBuildPhase section */

/* Begin PBXVariantGroup section */
		ACBDF6771D13A1F3003D4FD9 /* Main.storyboard */ = {
			isa = PBXVariantGroup;
			children = (
				ACBDF6781D13A1F3003D4FD9 /* Base */,
			);
			name = Main.storyboard;
			sourceTree = "<group>";
		};
		ACBDF67C1D13A1F3003D4FD9 /* LaunchScreen.storyboard */ = {
			isa = PBXVariantGroup;
			children = (
				ACBDF67D1D13A1F3003D4FD9 /* Base */,
			);
			name = LaunchScreen.storyboard;
			sourceTree = "<group>";
		};
/* End PBXVariantGroup section */

/* Begin XCBuildConfiguration section */
		ACBDF6801D13A1F3003D4FD9 /* Debug */ = {
			isa = XCBuildConfiguration;
			buildSettings = {
				ALWAYS_SEARCH_USER_PATHS = NO;
				CLANG_ANALYZER_NONNULL = YES;
				CLANG_CXX_LANGUAGE_STANDARD = "gnu++0x";
				CLANG_CXX_LIBRARY = "libc++";
				CLANG_ENABLE_MODULES = YES;
				CLANG_ENABLE_OBJC_ARC = YES;
				CLANG_WARN_BOOL_CONVERSION = YES;
				CLANG_WARN_CONSTANT_CONVERSION = YES;
				CLANG_WARN_DIRECT_OBJC_ISA_USAGE = YES_ERROR;
				CLANG_WARN_EMPTY_BODY = YES;
				CLANG_WARN_ENUM_CONVERSION = YES;
				CLANG_WARN_INT_CONVERSION = YES;
				CLANG_WARN_OBJC_ROOT_CLASS = YES_ERROR;
				CLANG_WARN_UNREACHABLE_CODE = YES;
				CLANG_WARN__DUPLICATE_METHOD_MATCH = YES;
				"CODE_SIGN_IDENTITY[sdk=iphoneos*]" = "iPhone Developer";
				COPY_PHASE_STRIP = NO;
				DEBUG_INFORMATION_FORMAT = dwarf;
				ENABLE_STRICT_OBJC_MSGSEND = YES;
				ENABLE_TESTABILITY = YES;
				GCC_C_LANGUAGE_STANDARD = gnu99;
				GCC_DYNAMIC_NO_PIC = NO;
				GCC_NO_COMMON_BLOCKS = YES;
				GCC_OPTIMIZATION_LEVEL = 0;
				GCC_PREPROCESSOR_DEFINITIONS = (
					"DEBUG=1",
					"$(inherited)",
				);
				GCC_WARN_64_TO_32_BIT_CONVERSION = YES;
				GCC_WARN_ABOUT_RETURN_TYPE = YES_ERROR;
				GCC_WARN_UNDECLARED_SELECTOR = YES;
				GCC_WARN_UNINITIALIZED_AUTOS = YES_AGGRESSIVE;
				GCC_WARN_UNUSED_FUNCTION = YES;
				GCC_WARN_UNUSED_VARIABLE = YES;
				IPHONEOS_DEPLOYMENT_TARGET = 9.3;
				MTL_ENABLE_DEBUG_INFO = YES;
				ONLY_ACTIVE_ARCH = YES;
				SDKROOT = iphoneos;
				SWIFT_OPTIMIZATION_LEVEL = "-Onone";
				TARGETED_DEVICE_FAMILY = "1,2";
			};
			name = Debug;
		};
		ACBDF6811D13A1F3003D4FD9 /* Release */ = {
			isa = XCBuildConfiguration;
			buildSettings = {
				ALWAYS_SEARCH_USER_PATHS = NO;
				CLANG_ANALYZER_NONNULL = YES;
				CLANG_CXX_LANGUAGE_STANDARD = "gnu++0x";
				CLANG_CXX_LIBRARY = "libc++";
				CLANG_ENABLE_MODULES = YES;
				CLANG_ENABLE_OBJC_ARC = YES;
				CLANG_WARN_BOOL_CONVERSION = YES;
				CLANG_WARN_CONSTANT_CONVERSION = YES;
				CLANG_WARN_DIRECT_OBJC_ISA_USAGE = YES_ERROR;
				CLANG_WARN_EMPTY_BODY = YES;
				CLANG_WARN_ENUM_CONVERSION = YES;
				CLANG_WARN_INT_CONVERSION = YES;
				CLANG_WARN_OBJC_ROOT_CLASS = YES_ERROR;
				CLANG_WARN_UNREACHABLE_CODE = YES;
				CLANG_WARN__DUPLICATE_METHOD_MATCH = YES;
				"CODE_SIGN_IDENTITY[sdk=iphoneos*]" = "iPhone Developer";
				COPY_PHASE_STRIP = NO;
				DEBUG_INFORMATION_FORMAT = "dwarf-with-dsym";
				ENABLE_NS_ASSERTIONS = NO;
				ENABLE_STRICT_OBJC_MSGSEND = YES;
				GCC_C_LANGUAGE_STANDARD = gnu99;
				GCC_NO_COMMON_BLOCKS = YES;
				GCC_WARN_64_TO_32_BIT_CONVERSION = YES;
				GCC_WARN_ABOUT_RETURN_TYPE = YES_ERROR;
				GCC_WARN_UNDECLARED_SELECTOR = YES;
				GCC_WARN_UNINITIALIZED_AUTOS = YES_AGGRESSIVE;
				GCC_WARN_UNUSED_FUNCTION = YES;
				GCC_WARN_UNUSED_VARIABLE = YES;
				IPHONEOS_DEPLOYMENT_TARGET = 9.3;
				MTL_ENABLE_DEBUG_INFO = NO;
				SDKROOT = iphoneos;
				TARGETED_DEVICE_FAMILY = "1,2";
				VALIDATE_PRODUCT = YES;
			};
			name = Release;
		};
		ACBDF6831D13A1F3003D4FD9 /* Debug */ = {
			isa = XCBuildConfiguration;
			buildSettings = {
				ASSETCATALOG_COMPILER_APPICON_NAME = AppIcon;
				INFOPLIST_FILE = DBAccessSample01/Info.plist;
				LD_RUNPATH_SEARCH_PATHS = "$(inherited) @executable_path/Frameworks";
				PRODUCT_BUNDLE_IDENTIFIER = "jp-ac-jec.DBAccessSample01";
				PRODUCT_NAME = "$(TARGET_NAME)";
			};
			name = Debug;
		};
		ACBDF6841D13A1F3003D4FD9 /* Release */ = {
			isa = XCBuildConfiguration;
			buildSettings = {
				ASSETCATALOG_COMPILER_APPICON_NAME = AppIcon;
				INFOPLIST_FILE = DBAccessSample01/Info.plist;
				LD_RUNPATH_SEARCH_PATHS = "$(inherited) @executable_path/Frameworks";
				PRODUCT_BUNDLE_IDENTIFIER = "jp-ac-jec.DBAccessSample01";
				PRODUCT_NAME = "$(TARGET_NAME)";
			};
			name = Release;
		};
/* End XCBuildConfiguration section */

/* Begin XCConfigurationList section */
		ACBDF66B1D13A1F2003D4FD9 /* Build configuration list for PBXProject "DBAccessSample01" */ = {
			isa = XCConfigurationList;
			buildConfigurations = (
				ACBDF6801D13A1F3003D4FD9 /* Debug */,
				ACBDF6811D13A1F3003D4FD9 /* Release */,
			);
			defaultConfigurationIsVisible = 0;
			defaultConfigurationName = Release;
		};
		ACBDF6821D13A1F3003D4FD9 /* Build configuration list for PBXNativeTarget "DBAccessSample01" */ = {
			isa = XCConfigurationList;
			buildConfigurations = (
				ACBDF6831D13A1F3003D4FD9 /* Debug */,
				ACBDF6841D13A1F3003D4FD9 /* Release */,
			);
			defaultConfigurationIsVisible = 0;
			defaultConfigurationName = Release;
		};
/* End XCConfigurationList section */
	};
	rootObject = ACBDF6681D13A1F2003D4FD9 /* Project object */;
}
